
Microsoft Visual Studio Solution File, Format Version 12.00
# Visual Studio Version 16
VisualStudioVersion = 16.0.31702.278
MinimumVisualStudioVersion = 10.0.40219.1
Project("{FAE04EC0-301F-11D3-BF4B-00C04F79EFBC}") = "Questão 5", "Questão 5\Questão 5.csproj", "{ECCC3C6A-CCD7-4684-9632-AD1A5A13B180}"
EndProject
Global
	GlobalSection(SolutionConfigurationPlatforms) = preSolution
		Debug|Any CPU = Debug|Any CPU
		Release|Any CPU = Release|Any CPU
	EndGlobalSection
	GlobalSection(ProjectConfigurationPlatforms) = postSolution
		{ECCC3C6A-CCD7-4684-9632-AD1A5A13B180}.Debug|Any CPU.ActiveCfg = Debug|Any CPU
		{ECCC3C6A-CCD7-4684-9632-AD1A5A13B180}.Debug|Any CPU.Build.0 = Debug|Any CPU
		{ECCC3C6A-CCD7-4684-9632-AD1A5A13B180}.Release|Any CPU.ActiveCfg = Release|Any CPU
		{ECCC3C6A-CCD7-4684-9632-AD1A5A13B180}.Release|Any CPU.Build.0 = Release|Any CPU
	EndGlobalSection
	GlobalSection(SolutionProperties) = preSolution
		HideSolutionNode = FALSE
	EndGlobalSection
	GlobalSection(ExtensibilityGlobals) = postSolution
		SolutionGuid = {CC4315B7-6F44-4BF1-8508-4757D7F99056}
	EndGlobalSection
EndGlobal
